
Microsoft Visual Studio Solution File, Format Version 12.00
# Visual Studio 15
VisualStudioVersion = 15.0.28010.2036
MinimumVisualStudioVersion = 10.0.40219.1
Project("{FAE04EC0-301F-11D3-BF4B-00C04F79EFBC}") = "WindowsFormsApp1", "WindowsFormsApp1\WindowsFormsApp1.csproj", "{C497D8DF-F56A-4BCE-B3CF-E96194007956}"
EndProject
Project("{FAE04EC0-301F-11D3-BF4B-00C04F79EFBC}") = "ClassLibrary1", "ClassLibrary1\ClassLibrary1.csproj", "{BC3BF68E-A5D4-4414-98FC-01192A0BDF3F}"
EndProject
Global
	GlobalSection(SolutionConfigurationPlatforms) = preSolution
		Debug|Any CPU = Debug|Any CPU
		Release|Any CPU = Release|Any CPU
	EndGlobalSection
	GlobalSection(ProjectConfigurationPlatforms) = postSolution
		{C497D8DF-F56A-4BCE-B3CF-E96194007956}.Debug|Any CPU.ActiveCfg = Debug|Any CPU
		{C497D8DF-F56A-4BCE-B3CF-E96194007956}.Debug|Any CPU.Build.0 = Debug|Any CPU
		{C497D8DF-F56A-4BCE-B3CF-E96194007956}.Release|Any CPU.ActiveCfg = Release|Any CPU
		{C497D8DF-F56A-4BCE-B3CF-E96194007956}.Release|Any CPU.Build.0 = Release|Any CPU
		{BC3BF68E-A5D4-4414-98FC-01192A0BDF3F}.Debug|Any CPU.ActiveCfg = Debug|Any CPU
		{BC3BF68E-A5D4-4414-98FC-01192A0BDF3F}.Debug|Any CPU.Build.0 = Debug|Any CPU
		{BC3BF68E-A5D4-4414-98FC-01192A0BDF3F}.Release|Any CPU.ActiveCfg = Release|Any CPU
		{BC3BF68E-A5D4-4414-98FC-01192A0BDF3F}.Release|Any CPU.Build.0 = Release|Any CPU
	EndGlobalSection
	GlobalSection(SolutionProperties) = preSolution
		HideSolutionNode = FALSE
	EndGlobalSection
	GlobalSection(ExtensibilityGlobals) = postSolution
		SolutionGuid = {3E165810-5796-4B40-806B-BC6CDFD4ED0A}
	EndGlobalSection
EndGlobal
